
Microsoft Visual Studio Solution File, Format Version 12.00
# Visual Studio Version 17
VisualStudioVersion = 17.11.35312.102
MinimumVisualStudioVersion = 10.0.40219.1
Project("{2150E333-8FDC-42A3-9474-1A3956D46DE8}") = "src", "src", "{DE0F34D8-84DF-4133-BF2A-6616E2A14824}"
EndProject
Project("{2150E333-8FDC-42A3-9474-1A3956D46DE8}") = "Shared", "Shared", "{BEAA7A6E-6A21-4670-A7B8-578DE8DF3700}"
EndProject
Project("{9A19103F-16F7-4668-BE54-9A1E7A4F7556}") = "TDo", "src\TDo\TDo.csproj", "{52B183D2-61C8-4F5D-8B90-F3A6D1C47B81}"
EndProject
Project("{FAE04EC0-301F-11D3-BF4B-00C04F79EFBC}") = "Domain", "src\Shared\Domain\Domain.csproj", "{93B3B4B7-3983-4587-ABE5-41D887AB64F6}"
EndProject
Global
	GlobalSection(SolutionConfigurationPlatforms) = preSolution
		Debug|Any CPU = Debug|Any CPU
		Release|Any CPU = Release|Any CPU
	EndGlobalSection
	GlobalSection(ProjectConfigurationPlatforms) = postSolution
		{52B183D2-61C8-4F5D-8B90-F3A6D1C47B81}.Debug|Any CPU.ActiveCfg = Debug|Any CPU
		{52B183D2-61C8-4F5D-8B90-F3A6D1C47B81}.Debug|Any CPU.Build.0 = Debug|Any CPU
		{52B183D2-61C8-4F5D-8B90-F3A6D1C47B81}.Debug|Any CPU.Deploy.0 = Debug|Any CPU
		{52B183D2-61C8-4F5D-8B90-F3A6D1C47B81}.Release|Any CPU.ActiveCfg = Release|Any CPU
		{52B183D2-61C8-4F5D-8B90-F3A6D1C47B81}.Release|Any CPU.Build.0 = Release|Any CPU
		{52B183D2-61C8-4F5D-8B90-F3A6D1C47B81}.Release|Any CPU.Deploy.0 = Release|Any CPU
		{93B3B4B7-3983-4587-ABE5-41D887AB64F6}.Debug|Any CPU.ActiveCfg = Debug|Any CPU
		{93B3B4B7-3983-4587-ABE5-41D887AB64F6}.Debug|Any CPU.Build.0 = Debug|Any CPU
		{93B3B4B7-3983-4587-ABE5-41D887AB64F6}.Release|Any CPU.ActiveCfg = Release|Any CPU
		{93B3B4B7-3983-4587-ABE5-41D887AB64F6}.Release|Any CPU.Build.0 = Release|Any CPU
	EndGlobalSection
	GlobalSection(SolutionProperties) = preSolution
		HideSolutionNode = FALSE
	EndGlobalSection
	GlobalSection(NestedProjects) = preSolution
		{BEAA7A6E-6A21-4670-A7B8-578DE8DF3700} = {DE0F34D8-84DF-4133-BF2A-6616E2A14824}
		{52B183D2-61C8-4F5D-8B90-F3A6D1C47B81} = {DE0F34D8-84DF-4133-BF2A-6616E2A14824}
		{93B3B4B7-3983-4587-ABE5-41D887AB64F6} = {BEAA7A6E-6A21-4670-A7B8-578DE8DF3700}
	EndGlobalSection
	GlobalSection(ExtensibilityGlobals) = postSolution
		SolutionGuid = {B1CA0F83-E775-4BBA-AA8A-EC385D846C95}
	EndGlobalSection
EndGlobal
